
Microsoft Visual Studio Solution File, Format Version 12.00
# Visual Studio Version 16
VisualStudioVersion = 16.0.30011.22
MinimumVisualStudioVersion = 10.0.40219.1
Project("{9A19103F-16F7-4668-BE54-9A1E7A4F7556}") = "aws-csharp", "aws-csharp.csproj", "{D8800122-3A7C-4241-B1B2-6826F5AA4928}"
EndProject
Global
	GlobalSection(SolutionConfigurationPlatforms) = preSolution
		Debug|Any CPU = Debug|Any CPU
		Release|Any CPU = Release|Any CPU
	EndGlobalSection
	GlobalSection(ProjectConfigurationPlatforms) = postSolution
		{D8800122-3A7C-4241-B1B2-6826F5AA4928}.Debug|Any CPU.ActiveCfg = Debug|Any CPU
		{D8800122-3A7C-4241-B1B2-6826F5AA4928}.Debug|Any CPU.Build.0 = Debug|Any CPU
		{D8800122-3A7C-4241-B1B2-6826F5AA4928}.Release|Any CPU.ActiveCfg = Release|Any CPU
		{D8800122-3A7C-4241-B1B2-6826F5AA4928}.Release|Any CPU.Build.0 = Release|Any CPU
	EndGlobalSection
	GlobalSection(SolutionProperties) = preSolution
		HideSolutionNode = FALSE
	EndGlobalSection
	GlobalSection(ExtensibilityGlobals) = postSolution
		SolutionGuid = {F6A9233E-28FA-4575-9E86-1B695B5267E5}
	EndGlobalSection
EndGlobal
